// !$*UTF8*$!
{
	archiveVersion = 1;
	classes = {
	};
	objectVersion = 55;
	objects = {

/* Begin PBXBuildFile section */
		4D3A7B7527C3960E0047711D /* TripListCell.swift in Sources */ = {isa = PBXBuildFile; fileRef = 4D3A7B7427C3960E0047711D /* TripListCell.swift */; };
		4D3A7B7727C39D980047711D /* TripListView.swift in Sources */ = {isa = PBXBuildFile; fileRef = 4D3A7B7627C39D980047711D /* TripListView.swift */; };
		4D3A7B7B27C3CB0C0047711D /* WaypointViewInteractor.swift in Sources */ = {isa = PBXBuildFile; fileRef = 4D3A7B7A27C3CB0C0047711D /* WaypointViewInteractor.swift */; };
		4D3A7B7D27C3CB1A0047711D /* WaypointViewPresenter.swift in Sources */ = {isa = PBXBuildFile; fileRef = 4D3A7B7C27C3CB1A0047711D /* WaypointViewPresenter.swift */; };
		4D3A7B7F27C3CB250047711D /* WaypointView.swift in Sources */ = {isa = PBXBuildFile; fileRef = 4D3A7B7E27C3CB250047711D /* WaypointView.swift */; };
		4D3A7B8127C432D10047711D /* TripDetailInteractor.swift in Sources */ = {isa = PBXBuildFile; fileRef = 4D3A7B8027C432D10047711D /* TripDetailInteractor.swift */; };
		4D3A7B8327C432DF0047711D /* TripDetailPresenter.swift in Sources */ = {isa = PBXBuildFile; fileRef = 4D3A7B8227C432DF0047711D /* TripDetailPresenter.swift */; };
		4D3A7B8527C432ED0047711D /* TripDetailView.swift in Sources */ = {isa = PBXBuildFile; fileRef = 4D3A7B8427C432EC0047711D /* TripDetailView.swift */; };
		4D3A7B8727C432F80047711D /* TripMapViewPresenter.swift in Sources */ = {isa = PBXBuildFile; fileRef = 4D3A7B8627C432F80047711D /* TripMapViewPresenter.swift */; };
		4D3A7B8927C4330F0047711D /* TripMapView.swift in Sources */ = {isa = PBXBuildFile; fileRef = 4D3A7B8827C4330F0047711D /* TripMapView.swift */; };
		4D3A7B8B27C433190047711D /* TripDetailRouter.swift in Sources */ = {isa = PBXBuildFile; fileRef = 4D3A7B8A27C433190047711D /* TripDetailRouter.swift */; };
		4D3FC11527C1956F00FAF99D /* SWIFTUI_VIPERApp.swift in Sources */ = {isa = PBXBuildFile; fileRef = 4D3FC11427C1956F00FAF99D /* SWIFTUI_VIPERApp.swift */; };
		4D3FC11727C1956F00FAF99D /* ContentView.swift in Sources */ = {isa = PBXBuildFile; fileRef = 4D3FC11627C1956F00FAF99D /* ContentView.swift */; };
		4D3FC11927C1957000FAF99D /* Assets.xcassets in Resources */ = {isa = PBXBuildFile; fileRef = 4D3FC11827C1957000FAF99D /* Assets.xcassets */; };
		4D3FC11E27C1957000FAF99D /* Persistence.swift in Sources */ = {isa = PBXBuildFile; fileRef = 4D3FC11D27C1957000FAF99D /* Persistence.swift */; };
		4D3FC12127C1957000FAF99D /* SWIFTUI_VIPER.xcdatamodeld in Sources */ = {isa = PBXBuildFile; fileRef = 4D3FC11F27C1957000FAF99D /* SWIFTUI_VIPER.xcdatamodeld */; };
		4D3FC12B27C1957000FAF99D /* SWIFTUI_VIPERTests.swift in Sources */ = {isa = PBXBuildFile; fileRef = 4D3FC12A27C1957000FAF99D /* SWIFTUI_VIPERTests.swift */; };
		4D3FC13527C1957100FAF99D /* SWIFTUI_VIPERUITests.swift in Sources */ = {isa = PBXBuildFile; fileRef = 4D3FC13427C1957100FAF99D /* SWIFTUI_VIPERUITests.swift */; };
		4D3FC13727C1957100FAF99D /* SWIFTUI_VIPERUITestsLaunchTests.swift in Sources */ = {isa = PBXBuildFile; fileRef = 4D3FC13627C1957100FAF99D /* SWIFTUI_VIPERUITestsLaunchTests.swift */; };
		4D3FC14C27C22BE800FAF99D /* DataModel.swift in Sources */ = {isa = PBXBuildFile; fileRef = 4D3FC14B27C22BE800FAF99D /* DataModel.swift */; };
		4D3FC14E27C22C2A00FAF99D /* PersistenceData.swift in Sources */ = {isa = PBXBuildFile; fileRef = 4D3FC14D27C22C2A00FAF99D /* PersistenceData.swift */; };
		4D3FC15027C22D5C00FAF99D /* Trip.swift in Sources */ = {isa = PBXBuildFile; fileRef = 4D3FC14F27C22D5C00FAF99D /* Trip.swift */; };
		4D3FC15227C22E6300FAF99D /* WayPoint.swift in Sources */ = {isa = PBXBuildFile; fileRef = 4D3FC15127C22E6300FAF99D /* WayPoint.swift */; };
		4D3FC15427C22F8600FAF99D /* MapDataSource.swift in Sources */ = {isa = PBXBuildFile; fileRef = 4D3FC15327C22F8600FAF99D /* MapDataSource.swift */; };
		4D3FC15627C24E9800FAF99D /* ImageDataSource.swift in Sources */ = {isa = PBXBuildFile; fileRef = 4D3FC15527C24E9800FAF99D /* ImageDataSource.swift */; };
		4DF1A38027C2A98C00666EF4 /* TripListIneractor.swift in Sources */ = {isa = PBXBuildFile; fileRef = 4DF1A37F27C2A98C00666EF4 /* TripListIneractor.swift */; };
		4DF1A38227C2A9F500666EF4 /* TripListPresenter.swift in Sources */ = {isa = PBXBuildFile; fileRef = 4DF1A38127C2A9F500666EF4 /* TripListPresenter.swift */; };
		4DF1A38427C2AB1900666EF4 /* TripListRouter.swift in Sources */ = {isa = PBXBuildFile; fileRef = 4DF1A38327C2AB1900666EF4 /* TripListRouter.swift */; };
		4DF1A38727C2ADF900666EF4 /* MapView.swift in Sources */ = {isa = PBXBuildFile; fileRef = 4DF1A38627C2ADF900666EF4 /* MapView.swift */; };
		4DF1A38927C2B6AF00666EF4 /* SplitImage.swift in Sources */ = {isa = PBXBuildFile; fileRef = 4DF1A38827C2B6AF00666EF4 /* SplitImage.swift */; };
/* End PBXBuildFile section */

/* Begin PBXContainerItemProxy section */
		4D3FC12727C1957000FAF99D /* PBXContainerItemProxy */ = {
			isa = PBXContainerItemProxy;
			containerPortal = 4D3FC10927C1956F00FAF99D /* Project object */;
			proxyType = 1;
			remoteGlobalIDString = 4D3FC11027C1956F00FAF99D;
			remoteInfo = "SWIFTUI-VIPER";
		};
		4D3FC13127C1957100FAF99D /* PBXContainerItemProxy */ = {
			isa = PBXContainerItemProxy;
			containerPortal = 4D3FC10927C1956F00FAF99D /* Project object */;
			proxyType = 1;
			remoteGlobalIDString = 4D3FC11027C1956F00FAF99D;
			remoteInfo = "SWIFTUI-VIPER";
		};
/* End PBXContainerItemProxy section */

/* Begin PBXFileReference section */
		4D3A7B7427C3960E0047711D /* TripListCell.swift */ = {isa = PBXFileReference; lastKnownFileType = sourcecode.swift; path = TripListCell.swift; sourceTree = "<group>"; };
		4D3A7B7627C39D980047711D /* TripListView.swift */ = {isa = PBXFileReference; lastKnownFileType = sourcecode.swift; path = TripListView.swift; sourceTree = "<group>"; };
		4D3A7B7A27C3CB0C0047711D /* WaypointViewInteractor.swift */ = {isa = PBXFileReference; lastKnownFileType = sourcecode.swift; path = WaypointViewInteractor.swift; sourceTree = "<group>"; };
		4D3A7B7C27C3CB1A0047711D /* WaypointViewPresenter.swift */ = {isa = PBXFileReference; lastKnownFileType = sourcecode.swift; path = WaypointViewPresenter.swift; sourceTree = "<group>"; };
		4D3A7B7E27C3CB250047711D /* WaypointView.swift */ = {isa = PBXFileReference; lastKnownFileType = sourcecode.swift; path = WaypointView.swift; sourceTree = "<group>"; };
		4D3A7B8027C432D10047711D /* TripDetailInteractor.swift */ = {isa = PBXFileReference; lastKnownFileType = sourcecode.swift; path = TripDetailInteractor.swift; sourceTree = "<group>"; };
		4D3A7B8227C432DF0047711D /* TripDetailPresenter.swift */ = {isa = PBXFileReference; lastKnownFileType = sourcecode.swift; path = TripDetailPresenter.swift; sourceTree = "<group>"; };
		4D3A7B8427C432EC0047711D /* TripDetailView.swift */ = {isa = PBXFileReference; lastKnownFileType = sourcecode.swift; path = TripDetailView.swift; sourceTree = "<group>"; };
		4D3A7B8627C432F80047711D /* TripMapViewPresenter.swift */ = {isa = PBXFileReference; lastKnownFileType = sourcecode.swift; path = TripMapViewPresenter.swift; sourceTree = "<group>"; };
		4D3A7B8827C4330F0047711D /* TripMapView.swift */ = {isa = PBXFileReference; lastKnownFileType = sourcecode.swift; path = TripMapView.swift; sourceTree = "<group>"; };
		4D3A7B8A27C433190047711D /* TripDetailRouter.swift */ = {isa = PBXFileReference; lastKnownFileType = sourcecode.swift; path = TripDetailRouter.swift; sourceTree = "<group>"; };
		4D3FC11127C1956F00FAF99D /* SWIFTUI-VIPER.app */ = {isa = PBXFileReference; explicitFileType = wrapper.application; includeInIndex = 0; path = "SWIFTUI-VIPER.app"; sourceTree = BUILT_PRODUCTS_DIR; };
		4D3FC11427C1956F00FAF99D /* SWIFTUI_VIPERApp.swift */ = {isa = PBXFileReference; lastKnownFileType = sourcecode.swift; path = SWIFTUI_VIPERApp.swift; sourceTree = "<group>"; };
		4D3FC11627C1956F00FAF99D /* ContentView.swift */ = {isa = PBXFileReference; lastKnownFileType = sourcecode.swift; path = ContentView.swift; sourceTree = "<group>"; };
		4D3FC11827C1957000FAF99D /* Assets.xcassets */ = {isa = PBXFileReference; lastKnownFileType = folder.assetcatalog; path = Assets.xcassets; sourceTree = "<group>"; };
		4D3FC11B27C1957000FAF99D /* Preview Assets.xcassets */ = {isa = PBXFileReference; lastKnownFileType = folder.assetcatalog; path = "Preview Assets.xcassets"; sourceTree = "<group>"; };
		4D3FC11D27C1957000FAF99D /* Persistence.swift */ = {isa = PBXFileReference; lastKnownFileType = sourcecode.swift; path = Persistence.swift; sourceTree = "<group>"; };
		4D3FC12027C1957000FAF99D /* SWIFTUI_VIPER.xcdatamodel */ = {isa = PBXFileReference; lastKnownFileType = wrapper.xcdatamodel; path = SWIFTUI_VIPER.xcdatamodel; sourceTree = "<group>"; };
		4D3FC12627C1957000FAF99D /* SWIFTUI-VIPERTests.xctest */ = {isa = PBXFileReference; explicitFileType = wrapper.cfbundle; includeInIndex = 0; path = "SWIFTUI-VIPERTests.xctest"; sourceTree = BUILT_PRODUCTS_DIR; };
		4D3FC12A27C1957000FAF99D /* SWIFTUI_VIPERTests.swift */ = {isa = PBXFileReference; lastKnownFileType = sourcecode.swift; path = SWIFTUI_VIPERTests.swift; sourceTree = "<group>"; };
		4D3FC13027C1957100FAF99D /* SWIFTUI-VIPERUITests.xctest */ = {isa = PBXFileReference; explicitFileType = wrapper.cfbundle; includeInIndex = 0; path = "SWIFTUI-VIPERUITests.xctest"; sourceTree = BUILT_PRODUCTS_DIR; };
		4D3FC13427C1957100FAF99D /* SWIFTUI_VIPERUITests.swift */ = {isa = PBXFileReference; lastKnownFileType = sourcecode.swift; path = SWIFTUI_VIPERUITests.swift; sourceTree = "<group>"; };
		4D3FC13627C1957100FAF99D /* SWIFTUI_VIPERUITestsLaunchTests.swift */ = {isa = PBXFileReference; lastKnownFileType = sourcecode.swift; path = SWIFTUI_VIPERUITestsLaunchTests.swift; sourceTree = "<group>"; };
		4D3FC14B27C22BE800FAF99D /* DataModel.swift */ = {isa = PBXFileReference; lastKnownFileType = sourcecode.swift; path = DataModel.swift; sourceTree = "<group>"; };
		4D3FC14D27C22C2A00FAF99D /* PersistenceData.swift */ = {isa = PBXFileReference; lastKnownFileType = sourcecode.swift; path = PersistenceData.swift; sourceTree = "<group>"; };
		4D3FC14F27C22D5C00FAF99D /* Trip.swift */ = {isa = PBXFileReference; lastKnownFileType = sourcecode.swift; path = Trip.swift; sourceTree = "<group>"; };
		4D3FC15127C22E6300FAF99D /* WayPoint.swift */ = {isa = PBXFileReference; lastKnownFileType = sourcecode.swift; path = WayPoint.swift; sourceTree = "<group>"; };
		4D3FC15327C22F8600FAF99D /* MapDataSource.swift */ = {isa = PBXFileReference; lastKnownFileType = sourcecode.swift; path = MapDataSource.swift; sourceTree = "<group>"; };
		4D3FC15527C24E9800FAF99D /* ImageDataSource.swift */ = {isa = PBXFileReference; lastKnownFileType = sourcecode.swift; path = ImageDataSource.swift; sourceTree = "<group>"; };
		4DF1A37F27C2A98C00666EF4 /* TripListIneractor.swift */ = {isa = PBXFileReference; lastKnownFileType = sourcecode.swift; path = TripListIneractor.swift; sourceTree = "<group>"; };
		4DF1A38127C2A9F500666EF4 /* TripListPresenter.swift */ = {isa = PBXFileReference; lastKnownFileType = sourcecode.swift; path = TripListPresenter.swift; sourceTree = "<group>"; };
		4DF1A38327C2AB1900666EF4 /* TripListRouter.swift */ = {isa = PBXFileReference; lastKnownFileType = sourcecode.swift; path = TripListRouter.swift; sourceTree = "<group>"; };
		4DF1A38627C2ADF900666EF4 /* MapView.swift */ = {isa = PBXFileReference; lastKnownFileType = sourcecode.swift; path = MapView.swift; sourceTree = "<group>"; };
		4DF1A38827C2B6AF00666EF4 /* SplitImage.swift */ = {isa = PBXFileReference; lastKnownFileType = sourcecode.swift; path = SplitImage.swift; sourceTree = "<group>"; };
/* End PBXFileReference section */

/* Begin PBXFrameworksBuildPhase section */
		4D3FC10E27C1956F00FAF99D /* Frameworks */ = {
			isa = PBXFrameworksBuildPhase;
			buildActionMask = 2147483647;
			files = (
			);
			runOnlyForDeploymentPostprocessing = 0;
		};
		4D3FC12327C1957000FAF99D /* Frameworks */ = {
			isa = PBXFrameworksBuildPhase;
			buildActionMask = 2147483647;
			files = (
			);
			runOnlyForDeploymentPostprocessing = 0;
		};
		4D3FC12D27C1957100FAF99D /* Frameworks */ = {
			isa = PBXFrameworksBuildPhase;
			buildActionMask = 2147483647;
			files = (
			);
			runOnlyForDeploymentPostprocessing = 0;
		};
/* End PBXFrameworksBuildPhase section */

/* Begin PBXGroup section */
		4D3A7B7827C3AAE10047711D /* WayPointModule */ = {
			isa = PBXGroup;
			children = (
				4D3A7B7A27C3CB0C0047711D /* WaypointViewInteractor.swift */,
				4D3A7B7C27C3CB1A0047711D /* WaypointViewPresenter.swift */,
				4D3A7B7E27C3CB250047711D /* WaypointView.swift */,
			);
			path = WayPointModule;
			sourceTree = "<group>";
		};
		4D3A7B7927C3AAEA0047711D /* TripDetailModule */ = {
			isa = PBXGroup;
			children = (
				4D3A7B8C27C4354D0047711D /* TripMap */,
				4D3A7B8027C432D10047711D /* TripDetailInteractor.swift */,
				4D3A7B8227C432DF0047711D /* TripDetailPresenter.swift */,
				4D3A7B8427C432EC0047711D /* TripDetailView.swift */,
				4D3A7B8A27C433190047711D /* TripDetailRouter.swift */,
			);
			path = TripDetailModule;
			sourceTree = "<group>";
		};
		4D3A7B8C27C4354D0047711D /* TripMap */ = {
			isa = PBXGroup;
			children = (
				4D3A7B8627C432F80047711D /* TripMapViewPresenter.swift */,
				4D3A7B8827C4330F0047711D /* TripMapView.swift */,
			);
			path = TripMap;
			sourceTree = "<group>";
		};
		4D3FC10827C1956F00FAF99D = {
			isa = PBXGroup;
			children = (
				4D3FC11327C1956F00FAF99D /* SWIFTUI-VIPER */,
				4D3FC12927C1957000FAF99D /* SWIFTUI-VIPERTests */,
				4D3FC13327C1957100FAF99D /* SWIFTUI-VIPERUITests */,
				4D3FC11227C1956F00FAF99D /* Products */,
			);
			sourceTree = "<group>";
		};
		4D3FC11227C1956F00FAF99D /* Products */ = {
			isa = PBXGroup;
			children = (
				4D3FC11127C1956F00FAF99D /* SWIFTUI-VIPER.app */,
				4D3FC12627C1957000FAF99D /* SWIFTUI-VIPERTests.xctest */,
				4D3FC13027C1957100FAF99D /* SWIFTUI-VIPERUITests.xctest */,
			);
			name = Products;
			sourceTree = "<group>";
		};
		4D3FC11327C1956F00FAF99D /* SWIFTUI-VIPER */ = {
			isa = PBXGroup;
			children = (
				4DF1A38527C2ADEC00666EF4 /* ViewHelper */,
				4D3FC14A27C22BCF00FAF99D /* Entities */,
				4D3FC14927C22BBC00FAF99D /* DataSource */,
				4D3FC14327C217A300FAF99D /* Module */,
				4D3FC11427C1956F00FAF99D /* SWIFTUI_VIPERApp.swift */,
				4D3FC11627C1956F00FAF99D /* ContentView.swift */,
				4D3FC11827C1957000FAF99D /* Assets.xcassets */,
				4D3FC11D27C1957000FAF99D /* Persistence.swift */,
				4D3FC11F27C1957000FAF99D /* SWIFTUI_VIPER.xcdatamodeld */,
				4D3FC11A27C1957000FAF99D /* Preview Content */,
			);
			path = "SWIFTUI-VIPER";
			sourceTree = "<group>";
		};
		4D3FC11A27C1957000FAF99D /* Preview Content */ = {
			isa = PBXGroup;
			children = (
				4D3FC11B27C1957000FAF99D /* Preview Assets.xcassets */,
			);
			path = "Preview Content";
			sourceTree = "<group>";
		};
		4D3FC12927C1957000FAF99D /* SWIFTUI-VIPERTests */ = {
			isa = PBXGroup;
			children = (
				4D3FC12A27C1957000FAF99D /* SWIFTUI_VIPERTests.swift */,
			);
			path = "SWIFTUI-VIPERTests";
			sourceTree = "<group>";
		};
		4D3FC13327C1957100FAF99D /* SWIFTUI-VIPERUITests */ = {
			isa = PBXGroup;
			children = (
				4D3FC13427C1957100FAF99D /* SWIFTUI_VIPERUITests.swift */,
				4D3FC13627C1957100FAF99D /* SWIFTUI_VIPERUITestsLaunchTests.swift */,
			);
			path = "SWIFTUI-VIPERUITests";
			sourceTree = "<group>";
		};
		4D3FC14327C217A300FAF99D /* Module */ = {
			isa = PBXGroup;
			children = (
				4D3A7B7927C3AAEA0047711D /* TripDetailModule */,
				4D3A7B7827C3AAE10047711D /* WayPointModule */,
				4D3FC14427C22B8000FAF99D /* TripListModule */,
			);
			path = Module;
			sourceTree = "<group>";
		};
		4D3FC14427C22B8000FAF99D /* TripListModule */ = {
			isa = PBXGroup;
			children = (
				4D3FC14827C22B9E00FAF99D /* Router */,
				4D3FC14727C22B9700FAF99D /* View */,
				4D3FC14627C22B9200FAF99D /* Presenter */,
				4D3FC14527C22B8B00FAF99D /* Interactor */,
			);
			path = TripListModule;
			sourceTree = "<group>";
		};
		4D3FC14527C22B8B00FAF99D /* Interactor */ = {
			isa = PBXGroup;
			children = (
				4DF1A37F27C2A98C00666EF4 /* TripListIneractor.swift */,
			);
			path = Interactor;
			sourceTree = "<group>";
		};
		4D3FC14627C22B9200FAF99D /* Presenter */ = {
			isa = PBXGroup;
			children = (
				4DF1A38127C2A9F500666EF4 /* TripListPresenter.swift */,
			);
			path = Presenter;
			sourceTree = "<group>";
		};
		4D3FC14727C22B9700FAF99D /* View */ = {
			isa = PBXGroup;
			children = (
				4D3A7B7627C39D980047711D /* TripListView.swift */,
			);
			path = View;
			sourceTree = "<group>";
		};
		4D3FC14827C22B9E00FAF99D /* Router */ = {
			isa = PBXGroup;
			children = (
				4DF1A38327C2AB1900666EF4 /* TripListRouter.swift */,
			);
			path = Router;
			sourceTree = "<group>";
		};
		4D3FC14927C22BBC00FAF99D /* DataSource */ = {
			isa = PBXGroup;
			children = (
				4D3FC14D27C22C2A00FAF99D /* PersistenceData.swift */,
				4D3FC15327C22F8600FAF99D /* MapDataSource.swift */,
				4D3FC15527C24E9800FAF99D /* ImageDataSource.swift */,
			);
			path = DataSource;
			sourceTree = "<group>";
		};
		4D3FC14A27C22BCF00FAF99D /* Entities */ = {
			isa = PBXGroup;
			children = (
				4D3FC14B27C22BE800FAF99D /* DataModel.swift */,
				4D3FC14F27C22D5C00FAF99D /* Trip.swift */,
				4D3FC15127C22E6300FAF99D /* WayPoint.swift */,
			);
			path = Entities;
			sourceTree = "<group>";
		};
		4DF1A38527C2ADEC00666EF4 /* ViewHelper */ = {
			isa = PBXGroup;
			children = (
				4DF1A38627C2ADF900666EF4 /* MapView.swift */,
				4DF1A38827C2B6AF00666EF4 /* SplitImage.swift */,
				4D3A7B7427C3960E0047711D /* TripListCell.swift */,
			);
			path = ViewHelper;
			sourceTree = "<group>";
		};
/* End PBXGroup section */

/* Begin PBXNativeTarget section */
		4D3FC11027C1956F00FAF99D /* SWIFTUI-VIPER */ = {
			isa = PBXNativeTarget;
			buildConfigurationList = 4D3FC13A27C1957100FAF99D /* Build configuration list for PBXNativeTarget "SWIFTUI-VIPER" */;
			buildPhases = (
				4D3FC10D27C1956F00FAF99D /* Sources */,
				4D3FC10E27C1956F00FAF99D /* Frameworks */,
				4D3FC10F27C1956F00FAF99D /* Resources */,
			);
			buildRules = (
			);
			dependencies = (
			);
			name = "SWIFTUI-VIPER";
			productName = "SWIFTUI-VIPER";
			productReference = 4D3FC11127C1956F00FAF99D /* SWIFTUI-VIPER.app */;
			productType = "com.apple.product-type.application";
		};
		4D3FC12527C1957000FAF99D /* SWIFTUI-VIPERTests */ = {
			isa = PBXNativeTarget;
			buildConfigurationList = 4D3FC13D27C1957100FAF99D /* Build configuration list for PBXNativeTarget "SWIFTUI-VIPERTests" */;
			buildPhases = (
				4D3FC12227C1957000FAF99D /* Sources */,
				4D3FC12327C1957000FAF99D /* Frameworks */,
				4D3FC12427C1957000FAF99D /* Resources */,
			);
			buildRules = (
			);
			dependencies = (
				4D3FC12827C1957000FAF99D /* PBXTargetDependency */,
			);
			name = "SWIFTUI-VIPERTests";
			productName = "SWIFTUI-VIPERTests";
			productReference = 4D3FC12627C1957000FAF99D /* SWIFTUI-VIPERTests.xctest */;
			productType = "com.apple.product-type.bundle.unit-test";
		};
		4D3FC12F27C1957100FAF99D /* SWIFTUI-VIPERUITests */ = {
			isa = PBXNativeTarget;
			buildConfigurationList = 4D3FC14027C1957100FAF99D /* Build configuration list for PBXNativeTarget "SWIFTUI-VIPERUITests" */;
			buildPhases = (
				4D3FC12C27C1957100FAF99D /* Sources */,
				4D3FC12D27C1957100FAF99D /* Frameworks */,
				4D3FC12E27C1957100FAF99D /* Resources */,
			);
			buildRules = (
			);
			dependencies = (
				4D3FC13227C1957100FAF99D /* PBXTargetDependency */,
			);
			name = "SWIFTUI-VIPERUITests";
			productName = "SWIFTUI-VIPERUITests";
			productReference = 4D3FC13027C1957100FAF99D /* SWIFTUI-VIPERUITests.xctest */;
			productType = "com.apple.product-type.bundle.ui-testing";
		};
/* End PBXNativeTarget section */

/* Begin PBXProject section */
		4D3FC10927C1956F00FAF99D /* Project object */ = {
			isa = PBXProject;
			attributes = {
				BuildIndependentTargetsInParallel = 1;
				LastSwiftUpdateCheck = 1320;
				LastUpgradeCheck = 1320;
				TargetAttributes = {
					4D3FC11027C1956F00FAF99D = {
						CreatedOnToolsVersion = 13.2.1;
					};
					4D3FC12527C1957000FAF99D = {
						CreatedOnToolsVersion = 13.2.1;
						TestTargetID = 4D3FC11027C1956F00FAF99D;
					};
					4D3FC12F27C1957100FAF99D = {
						CreatedOnToolsVersion = 13.2.1;
						TestTargetID = 4D3FC11027C1956F00FAF99D;
					};
				};
			};
			buildConfigurationList = 4D3FC10C27C1956F00FAF99D /* Build configuration list for PBXProject "SWIFTUI-VIPER" */;
			compatibilityVersion = "Xcode 13.0";
			developmentRegion = en;
			hasScannedForEncodings = 0;
			knownRegions = (
				en,
				Base,
			);
			mainGroup = 4D3FC10827C1956F00FAF99D;
			productRefGroup = 4D3FC11227C1956F00FAF99D /* Products */;
			projectDirPath = "";
			projectRoot = "";
			targets = (
				4D3FC11027C1956F00FAF99D /* SWIFTUI-VIPER */,
				4D3FC12527C1957000FAF99D /* SWIFTUI-VIPERTests */,
				4D3FC12F27C1957100FAF99D /* SWIFTUI-VIPERUITests */,
			);
		};
/* End PBXProject section */

/* Begin PBXResourcesBuildPhase section */
		4D3FC10F27C1956F00FAF99D /* Resources */ = {
			isa = PBXResourcesBuildPhase;
			buildActionMask = 2147483647;
			files = (
				4D3FC11927C1957000FAF99D /* Assets.xcassets in Resources */,
			);
			runOnlyForDeploymentPostprocessing = 0;
		};
		4D3FC12427C1957000FAF99D /* Resources */ = {
			isa = PBXResourcesBuildPhase;
			buildActionMask = 2147483647;
			files = (
			);
			runOnlyForDeploymentPostprocessing = 0;
		};
		4D3FC12E27C1957100FAF99D /* Resources */ = {
			isa = PBXResourcesBuildPhase;
			buildActionMask = 2147483647;
			files = (
			);
			runOnlyForDeploymentPostprocessing = 0;
		};
/* End PBXResourcesBuildPhase section */

/* Begin PBXSourcesBuildPhase section */
		4D3FC10D27C1956F00FAF99D /* Sources */ = {
			isa = PBXSourcesBuildPhase;
			buildActionMask = 2147483647;
			files = (
				4D3A7B8B27C433190047711D /* TripDetailRouter.swift in Sources */,
				4D3FC14C27C22BE800FAF99D /* DataModel.swift in Sources */,
				4D3A7B8927C4330F0047711D /* TripMapView.swift in Sources */,
				4D3FC15427C22F8600FAF99D /* MapDataSource.swift in Sources */,
				4D3FC11E27C1957000FAF99D /* Persistence.swift in Sources */,
				4DF1A38927C2B6AF00666EF4 /* SplitImage.swift in Sources */,
				4D3FC11727C1956F00FAF99D /* ContentView.swift in Sources */,
				4D3FC15627C24E9800FAF99D /* ImageDataSource.swift in Sources */,
				4DF1A38427C2AB1900666EF4 /* TripListRouter.swift in Sources */,
				4D3FC14E27C22C2A00FAF99D /* PersistenceData.swift in Sources */,
				4D3A7B7527C3960E0047711D /* TripListCell.swift in Sources */,
				4D3A7B7D27C3CB1A0047711D /* WaypointViewPresenter.swift in Sources */,
				4D3A7B7727C39D980047711D /* TripListView.swift in Sources */,
				4DF1A38727C2ADF900666EF4 /* MapView.swift in Sources */,
				4D3A7B8327C432DF0047711D /* TripDetailPresenter.swift in Sources */,
				4D3FC15227C22E6300FAF99D /* WayPoint.swift in Sources */,
				4D3A7B8127C432D10047711D /* TripDetailInteractor.swift in Sources */,
				4D3A7B7B27C3CB0C0047711D /* WaypointViewInteractor.swift in Sources */,
				4D3FC12127C1957000FAF99D /* SWIFTUI_VIPER.xcdatamodeld in Sources */,
				4D3A7B8527C432ED0047711D /* TripDetailView.swift in Sources */,
				4D3A7B7F27C3CB250047711D /* WaypointView.swift in Sources */,
				4DF1A38027C2A98C00666EF4 /* TripListIneractor.swift in Sources */,
				4DF1A38227C2A9F500666EF4 /* TripListPresenter.swift in Sources */,
				4D3A7B8727C432F80047711D /* TripMapViewPresenter.swift in Sources */,
				4D3FC15027C22D5C00FAF99D /* Trip.swift in Sources */,
				4D3FC11527C1956F00FAF99D /* SWIFTUI_VIPERApp.swift in Sources */,
			);
			runOnlyForDeploymentPostprocessing = 0;
		};
		4D3FC12227C1957000FAF99D /* Sources */ = {
			isa = PBXSourcesBuildPhase;
			buildActionMask = 2147483647;
			files = (
				4D3FC12B27C1957000FAF99D /* SWIFTUI_VIPERTests.swift in Sources */,
			);
			runOnlyForDeploymentPostprocessing = 0;
		};
		4D3FC12C27C1957100FAF99D /* Sources */ = {
			isa = PBXSourcesBuildPhase;
			buildActionMask = 2147483647;
			files = (
				4D3FC13527C1957100FAF99D /* SWIFTUI_VIPERUITests.swift in Sources */,
				4D3FC13727C1957100FAF99D /* SWIFTUI_VIPERUITestsLaunchTests.swift in Sources */,
			);
			runOnlyForDeploymentPostprocessing = 0;
		};
/* End PBXSourcesBuildPhase section */

/* Begin PBXTargetDependency section */
		4D3FC12827C1957000FAF99D /* PBXTargetDependency */ = {
			isa = PBXTargetDependency;
			target = 4D3FC11027C1956F00FAF99D /* SWIFTUI-VIPER */;
			targetProxy = 4D3FC12727C1957000FAF99D /* PBXContainerItemProxy */;
		};
		4D3FC13227C1957100FAF99D /* PBXTargetDependency */ = {
			isa = PBXTargetDependency;
			target = 4D3FC11027C1956F00FAF99D /* SWIFTUI-VIPER */;
			targetProxy = 4D3FC13127C1957100FAF99D /* PBXContainerItemProxy */;
		};
/* End PBXTargetDependency section */

/* Begin XCBuildConfiguration section */
		4D3FC13827C1957100FAF99D /* Debug */ = {
			isa = XCBuildConfiguration;
			buildSettings = {
				ALWAYS_SEARCH_USER_PATHS = NO;
				CLANG_ANALYZER_NONNULL = YES;
				CLANG_ANALYZER_NUMBER_OBJECT_CONVERSION = YES_AGGRESSIVE;
				CLANG_CXX_LANGUAGE_STANDARD = "gnu++17";
				CLANG_CXX_LIBRARY = "libc++";
				CLANG_ENABLE_MODULES = YES;
				CLANG_ENABLE_OBJC_ARC = YES;
				CLANG_ENABLE_OBJC_WEAK = YES;
				CLANG_WARN_BLOCK_CAPTURE_AUTORELEASING = YES;
				CLANG_WARN_BOOL_CONVERSION = YES;
				CLANG_WARN_COMMA = YES;
				CLANG_WARN_CONSTANT_CONVERSION = YES;
				CLANG_WARN_DEPRECATED_OBJC_IMPLEMENTATIONS = YES;
				CLANG_WARN_DIRECT_OBJC_ISA_USAGE = YES_ERROR;
				CLANG_WARN_DOCUMENTATION_COMMENTS = YES;
				CLANG_WARN_EMPTY_BODY = YES;
				CLANG_WARN_ENUM_CONVERSION = YES;
				CLANG_WARN_INFINITE_RECURSION = YES;
				CLANG_WARN_INT_CONVERSION = YES;
				CLANG_WARN_NON_LITERAL_NULL_CONVERSION = YES;
				CLANG_WARN_OBJC_IMPLICIT_RETAIN_SELF = YES;
				CLANG_WARN_OBJC_LITERAL_CONVERSION = YES;
				CLANG_WARN_OBJC_ROOT_CLASS = YES_ERROR;
				CLANG_WARN_QUOTED_INCLUDE_IN_FRAMEWORK_HEADER = YES;
				CLANG_WARN_RANGE_LOOP_ANALYSIS = YES;
				CLANG_WARN_STRICT_PROTOTYPES = YES;
				CLANG_WARN_SUSPICIOUS_MOVE = YES;
				CLANG_WARN_UNGUARDED_AVAILABILITY = YES_AGGRESSIVE;
				CLANG_WARN_UNREACHABLE_CODE = YES;
				CLANG_WARN__DUPLICATE_METHOD_MATCH = YES;
				COPY_PHASE_STRIP = NO;
				DEBUG_INFORMATION_FORMAT = dwarf;
				ENABLE_STRICT_OBJC_MSGSEND = YES;
				ENABLE_TESTABILITY = YES;
				GCC_C_LANGUAGE_STANDARD = gnu11;
				GCC_DYNAMIC_NO_PIC = NO;
				GCC_NO_COMMON_BLOCKS = YES;
				GCC_OPTIMIZATION_LEVEL = 0;
				GCC_PREPROCESSOR_DEFINITIONS = (
					"DEBUG=1",
					"$(inherited)",
				);
				GCC_WARN_64_TO_32_BIT_CONVERSION = YES;
				GCC_WARN_ABOUT_RETURN_TYPE = YES_ERROR;
				GCC_WARN_UNDECLARED_SELECTOR = YES;
				GCC_WARN_UNINITIALIZED_AUTOS = YES_AGGRESSIVE;
				GCC_WARN_UNUSED_FUNCTION = YES;
				GCC_WARN_UNUSED_VARIABLE = YES;
				IPHONEOS_DEPLOYMENT_TARGET = 15.2;
				MTL_ENABLE_DEBUG_INFO = INCLUDE_SOURCE;
				MTL_FAST_MATH = YES;
				ONLY_ACTIVE_ARCH = YES;
				SDKROOT = iphoneos;
				SWIFT_ACTIVE_COMPILATION_CONDITIONS = DEBUG;
				SWIFT_OPTIMIZATION_LEVEL = "-Onone";
			};
			name = Debug;
		};
		4D3FC13927C1957100FAF99D /* Release */ = {
			isa = XCBuildConfiguration;
			buildSettings = {
				ALWAYS_SEARCH_USER_PATHS = NO;
				CLANG_ANALYZER_NONNULL = YES;
				CLANG_ANALYZER_NUMBER_OBJECT_CONVERSION = YES_AGGRESSIVE;
				CLANG_CXX_LANGUAGE_STANDARD = "gnu++17";
				CLANG_CXX_LIBRARY = "libc++";
				CLANG_ENABLE_MODULES = YES;
				CLANG_ENABLE_OBJC_ARC = YES;
				CLANG_ENABLE_OBJC_WEAK = YES;
				CLANG_WARN_BLOCK_CAPTURE_AUTORELEASING = YES;
				CLANG_WARN_BOOL_CONVERSION = YES;
				CLANG_WARN_COMMA = YES;
				CLANG_WARN_CONSTANT_CONVERSION = YES;
				CLANG_WARN_DEPRECATED_OBJC_IMPLEMENTATIONS = YES;
				CLANG_WARN_DIRECT_OBJC_ISA_USAGE = YES_ERROR;
				CLANG_WARN_DOCUMENTATION_COMMENTS = YES;
				CLANG_WARN_EMPTY_BODY = YES;
				CLANG_WARN_ENUM_CONVERSION = YES;
				CLANG_WARN_INFINITE_RECURSION = YES;
				CLANG_WARN_INT_CONVERSION = YES;
				CLANG_WARN_NON_LITERAL_NULL_CONVERSION = YES;
				CLANG_WARN_OBJC_IMPLICIT_RETAIN_SELF = YES;
				CLANG_WARN_OBJC_LITERAL_CONVERSION = YES;
				CLANG_WARN_OBJC_ROOT_CLASS = YES_ERROR;
				CLANG_WARN_QUOTED_INCLUDE_IN_FRAMEWORK_HEADER = YES;
				CLANG_WARN_RANGE_LOOP_ANALYSIS = YES;
				CLANG_WARN_STRICT_PROTOTYPES = YES;
				CLANG_WARN_SUSPICIOUS_MOVE = YES;
				CLANG_WARN_UNGUARDED_AVAILABILITY = YES_AGGRESSIVE;
				CLANG_WARN_UNREACHABLE_CODE = YES;
				CLANG_WARN__DUPLICATE_METHOD_MATCH = YES;
				COPY_PHASE_STRIP = NO;
				DEBUG_INFORMATION_FORMAT = "dwarf-with-dsym";
				ENABLE_NS_ASSERTIONS = NO;
				ENABLE_STRICT_OBJC_MSGSEND = YES;
				GCC_C_LANGUAGE_STANDARD = gnu11;
				GCC_NO_COMMON_BLOCKS = YES;
				GCC_WARN_64_TO_32_BIT_CONVERSION = YES;
				GCC_WARN_ABOUT_RETURN_TYPE = YES_ERROR;
				GCC_WARN_UNDECLARED_SELECTOR = YES;
				GCC_WARN_UNINITIALIZED_AUTOS = YES_AGGRESSIVE;
				GCC_WARN_UNUSED_FUNCTION = YES;
				GCC_WARN_UNUSED_VARIABLE = YES;
				IPHONEOS_DEPLOYMENT_TARGET = 15.2;
				MTL_ENABLE_DEBUG_INFO = NO;
				MTL_FAST_MATH = YES;
				SDKROOT = iphoneos;
				SWIFT_COMPILATION_MODE = wholemodule;
				SWIFT_OPTIMIZATION_LEVEL = "-O";
				VALIDATE_PRODUCT = YES;
			};
			name = Release;
		};
		4D3FC13B27C1957100FAF99D /* Debug */ = {
			isa = XCBuildConfiguration;
			buildSettings = {
				ASSETCATALOG_COMPILER_APPICON_NAME = AppIcon;
				ASSETCATALOG_COMPILER_GLOBAL_ACCENT_COLOR_NAME = AccentColor;
				CODE_SIGN_STYLE = Automatic;
				CURRENT_PROJECT_VERSION = 1;
				DEVELOPMENT_ASSET_PATHS = "";
				DEVELOPMENT_TEAM = G7Z2DR824B;
				ENABLE_PREVIEWS = YES;
				GENERATE_INFOPLIST_FILE = YES;
				INFOPLIST_FILE = "SWIFTUI-VIPER/Info.plist";
				INFOPLIST_KEY_NSLocalNetworkUsageDescription = "";
				INFOPLIST_KEY_NSLocationAlwaysAndWhenInUseUsageDescription = "";
				INFOPLIST_KEY_NSLocationAlwaysUsageDescription = "";
				INFOPLIST_KEY_NSUserTrackingUsageDescription = "";
				INFOPLIST_KEY_UIApplicationSceneManifest_Generation = YES;
				INFOPLIST_KEY_UIApplicationSupportsIndirectInputEvents = YES;
				INFOPLIST_KEY_UILaunchScreen_Generation = YES;
				INFOPLIST_KEY_UISupportedInterfaceOrientations = "UIInterfaceOrientationPortrait UIInterfaceOrientationLandscapeLeft UIInterfaceOrientationLandscapeRight";
				INFOPLIST_KEY_UISupportedInterfaceOrientations_iPad = "UIInterfaceOrientationPortrait UIInterfaceOrientationPortraitUpsideDown UIInterfaceOrientationLandscapeLeft UIInterfaceOrientationLandscapeRight";
				INFOPLIST_KEY_UISupportedInterfaceOrientations_iPhone = "UIInterfaceOrientationPortrait UIInterfaceOrientationLandscapeLeft UIInterfaceOrientationLandscapeRight";
				LD_RUNPATH_SEARCH_PATHS = (
					"$(inherited)",
					"@executable_path/Frameworks",
				);
				MARKETING_VERSION = 1.0;
				PRODUCT_BUNDLE_IDENTIFIER = "com.chondro.SWIFTUI-VIPER";
				PRODUCT_NAME = "$(TARGET_NAME)";
				SWIFT_EMIT_LOC_STRINGS = YES;
				SWIFT_VERSION = 5.0;
				TARGETED_DEVICE_FAMILY = "1,2";
			};
			name = Debug;
		};
		4D3FC13C27C1957100FAF99D /* Release */ = {
			isa = XCBuildConfiguration;
			buildSettings = {
				ASSETCATALOG_COMPILER_APPICON_NAME = AppIcon;
				ASSETCATALOG_COMPILER_GLOBAL_ACCENT_COLOR_NAME = AccentColor;
				CODE_SIGN_STYLE = Automatic;
				CURRENT_PROJECT_VERSION = 1;
				DEVELOPMENT_ASSET_PATHS = "";
				DEVELOPMENT_TEAM = G7Z2DR824B;
				ENABLE_PREVIEWS = YES;
				GENERATE_INFOPLIST_FILE = YES;
				INFOPLIST_FILE = "SWIFTUI-VIPER/Info.plist";
				INFOPLIST_KEY_NSLocalNetworkUsageDescription = "";
				INFOPLIST_KEY_NSLocationAlwaysAndWhenInUseUsageDescription = "";
				INFOPLIST_KEY_NSLocationAlwaysUsageDescription = "";
				INFOPLIST_KEY_NSUserTrackingUsageDescription = "";
				INFOPLIST_KEY_UIApplicationSceneManifest_Generation = YES;
				INFOPLIST_KEY_UIApplicationSupportsIndirectInputEvents = YES;
				INFOPLIST_KEY_UILaunchScreen_Generation = YES;
				INFOPLIST_KEY_UISupportedInterfaceOrientations = "UIInterfaceOrientationPortrait UIInterfaceOrientationLandscapeLeft UIInterfaceOrientationLandscapeRight";
				INFOPLIST_KEY_UISupportedInterfaceOrientations_iPad = "UIInterfaceOrientationPortrait UIInterfaceOrientationPortraitUpsideDown UIInterfaceOrientationLandscapeLeft UIInterfaceOrientationLandscapeRight";
				INFOPLIST_KEY_UISupportedInterfaceOrientations_iPhone = "UIInterfaceOrientationPortrait UIInterfaceOrientationLandscapeLeft UIInterfaceOrientationLandscapeRight";
				LD_RUNPATH_SEARCH_PATHS = (
					"$(inherited)",
					"@executable_path/Frameworks",
				);
				MARKETING_VERSION = 1.0;
				PRODUCT_BUNDLE_IDENTIFIER = "com.chondro.SWIFTUI-VIPER";
				PRODUCT_NAME = "$(TARGET_NAME)";
				SWIFT_EMIT_LOC_STRINGS = YES;
				SWIFT_VERSION = 5.0;
				TARGETED_DEVICE_FAMILY = "1,2";
			};
			name = Release;
		};
		4D3FC13E27C1957100FAF99D /* Debug */ = {
			isa = XCBuildConfiguration;
			buildSettings = {
				ALWAYS_EMBED_SWIFT_STANDARD_LIBRARIES = YES;
				BUNDLE_LOADER = "$(TEST_HOST)";
				CODE_SIGN_STYLE = Automatic;
				CURRENT_PROJECT_VERSION = 1;
				DEVELOPMENT_TEAM = G7Z2DR824B;
				GENERATE_INFOPLIST_FILE = YES;
				IPHONEOS_DEPLOYMENT_TARGET = 15.2;
				MARKETING_VERSION = 1.0;
				PRODUCT_BUNDLE_IDENTIFIER = "com.chondro.SWIFTUI-VIPERTests";
				PRODUCT_NAME = "$(TARGET_NAME)";
				SWIFT_EMIT_LOC_STRINGS = NO;
				SWIFT_VERSION = 5.0;
				TARGETED_DEVICE_FAMILY = "1,2";
				TEST_HOST = "$(BUILT_PRODUCTS_DIR)/SWIFTUI-VIPER.app/SWIFTUI-VIPER";
			};
			name = Debug;
		};
		4D3FC13F27C1957100FAF99D /* Release */ = {
			isa = XCBuildConfiguration;
			buildSettings = {
				ALWAYS_EMBED_SWIFT_STANDARD_LIBRARIES = YES;
				BUNDLE_LOADER = "$(TEST_HOST)";
				CODE_SIGN_STYLE = Automatic;
				CURRENT_PROJECT_VERSION = 1;
				DEVELOPMENT_TEAM = G7Z2DR824B;
				GENERATE_INFOPLIST_FILE = YES;
				IPHONEOS_DEPLOYMENT_TARGET = 15.2;
				MARKETING_VERSION = 1.0;
				PRODUCT_BUNDLE_IDENTIFIER = "com.chondro.SWIFTUI-VIPERTests";
				PRODUCT_NAME = "$(TARGET_NAME)";
				SWIFT_EMIT_LOC_STRINGS = NO;
				SWIFT_VERSION = 5.0;
				TARGETED_DEVICE_FAMILY = "1,2";
				TEST_HOST = "$(BUILT_PRODUCTS_DIR)/SWIFTUI-VIPER.app/SWIFTUI-VIPER";
			};
			name = Release;
		};
		4D3FC14127C1957100FAF99D /* Debug */ = {
			isa = XCBuildConfiguration;
			buildSettings = {
				ALWAYS_EMBED_SWIFT_STANDARD_LIBRARIES = YES;
				CODE_SIGN_STYLE = Automatic;
				CURRENT_PROJECT_VERSION = 1;
				DEVELOPMENT_TEAM = G7Z2DR824B;
				GENERATE_INFOPLIST_FILE = YES;
				MARKETING_VERSION = 1.0;
				PRODUCT_BUNDLE_IDENTIFIER = "com.chondro.SWIFTUI-VIPERUITests";
				PRODUCT_NAME = "$(TARGET_NAME)";
				SWIFT_EMIT_LOC_STRINGS = NO;
				SWIFT_VERSION = 5.0;
				TARGETED_DEVICE_FAMILY = "1,2";
				TEST_TARGET_NAME = "SWIFTUI-VIPER";
			};
			name = Debug;
		};
		4D3FC14227C1957100FAF99D /* Release */ = {
			isa = XCBuildConfiguration;
			buildSettings = {
				ALWAYS_EMBED_SWIFT_STANDARD_LIBRARIES = YES;
				CODE_SIGN_STYLE = Automatic;
				CURRENT_PROJECT_VERSION = 1;
				DEVELOPMENT_TEAM = G7Z2DR824B;
				GENERATE_INFOPLIST_FILE = YES;
				MARKETING_VERSION = 1.0;
				PRODUCT_BUNDLE_IDENTIFIER = "com.chondro.SWIFTUI-VIPERUITests";
				PRODUCT_NAME = "$(TARGET_NAME)";
				SWIFT_EMIT_LOC_STRINGS = NO;
				SWIFT_VERSION = 5.0;
				TARGETED_DEVICE_FAMILY = "1,2";
				TEST_TARGET_NAME = "SWIFTUI-VIPER";
			};
			name = Release;
		};
/* End XCBuildConfiguration section */

/* Begin XCConfigurationList section */
		4D3FC10C27C1956F00FAF99D /* Build configuration list for PBXProject "SWIFTUI-VIPER" */ = {
			isa = XCConfigurationList;
			buildConfigurations = (
				4D3FC13827C1957100FAF99D /* Debug */,
				4D3FC13927C1957100FAF99D /* Release */,
			);
			defaultConfigurationIsVisible = 0;
			defaultConfigurationName = Release;
		};
		4D3FC13A27C1957100FAF99D /* Build configuration list for PBXNativeTarget "SWIFTUI-VIPER" */ = {
			isa = XCConfigurationList;
			buildConfigurations = (
				4D3FC13B27C1957100FAF99D /* Debug */,
				4D3FC13C27C1957100FAF99D /* Release */,
			);
			defaultConfigurationIsVisible = 0;
			defaultConfigurationName = Release;
		};
		4D3FC13D27C1957100FAF99D /* Build configuration list for PBXNativeTarget "SWIFTUI-VIPERTests" */ = {
			isa = XCConfigurationList;
			buildConfigurations = (
				4D3FC13E27C1957100FAF99D /* Debug */,
				4D3FC13F27C1957100FAF99D /* Release */,
			);
			defaultConfigurationIsVisible = 0;
			defaultConfigurationName = Release;
		};
		4D3FC14027C1957100FAF99D /* Build configuration list for PBXNativeTarget "SWIFTUI-VIPERUITests" */ = {
			isa = XCConfigurationList;
			buildConfigurations = (
				4D3FC14127C1957100FAF99D /* Debug */,
				4D3FC14227C1957100FAF99D /* Release */,
			);
			defaultConfigurationIsVisible = 0;
			defaultConfigurationName = Release;
		};
/* End XCConfigurationList section */

/* Begin XCVersionGroup section */
		4D3FC11F27C1957000FAF99D /* SWIFTUI_VIPER.xcdatamodeld */ = {
			isa = XCVersionGroup;
			children = (
				4D3FC12027C1957000FAF99D /* SWIFTUI_VIPER.xcdatamodel */,
			);
			currentVersion = 4D3FC12027C1957000FAF99D /* SWIFTUI_VIPER.xcdatamodel */;
			path = SWIFTUI_VIPER.xcdatamodeld;
			sourceTree = "<group>";
			versionGroupType = wrapper.xcdatamodel;
		};
/* End XCVersionGroup section */
	};
	rootObject = 4D3FC10927C1956F00FAF99D /* Project object */;
}
